
Microsoft Visual Studio Solution File, Format Version 12.00
# Visual Studio 2012
Project("{B1E792BE-AA5F-4E3C-8C82-674BF9C0715B}") = "Simple Interpolation", "Simple Interpolation\Simple Interpolation.tsproj", "{4DE537F4-EC86-49D4-B457-69DAF56DAEF0}"
EndProject
Global
	GlobalSection(SolutionConfigurationPlatforms) = preSolution
		Debug|TwinCAT CE7 (ARMV7) = Debug|TwinCAT CE7 (ARMV7)
		Debug|TwinCAT RT (x64) = Debug|TwinCAT RT (x64)
		Debug|TwinCAT RT (x86) = Debug|TwinCAT RT (x86)
		Release|TwinCAT CE7 (ARMV7) = Release|TwinCAT CE7 (ARMV7)
		Release|TwinCAT RT (x64) = Release|TwinCAT RT (x64)
		Release|TwinCAT RT (x86) = Release|TwinCAT RT (x86)
	EndGlobalSection
	GlobalSection(ProjectConfigurationPlatforms) = postSolution
		{4DE537F4-EC86-49D4-B457-69DAF56DAEF0}.Debug|TwinCAT CE7 (ARMV7).ActiveCfg = Debug|TwinCAT CE7 (ARMV7)
		{4DE537F4-EC86-49D4-B457-69DAF56DAEF0}.Debug|TwinCAT CE7 (ARMV7).Build.0 = Debug|TwinCAT CE7 (ARMV7)
		{4DE537F4-EC86-49D4-B457-69DAF56DAEF0}.Debug|TwinCAT RT (x64).ActiveCfg = Debug|TwinCAT RT (x64)
		{4DE537F4-EC86-49D4-B457-69DAF56DAEF0}.Debug|TwinCAT RT (x64).Build.0 = Debug|TwinCAT RT (x64)
		{4DE537F4-EC86-49D4-B457-69DAF56DAEF0}.Debug|TwinCAT RT (x86).ActiveCfg = Debug|TwinCAT RT (x86)
		{4DE537F4-EC86-49D4-B457-69DAF56DAEF0}.Debug|TwinCAT RT (x86).Build.0 = Debug|TwinCAT RT (x86)
		{4DE537F4-EC86-49D4-B457-69DAF56DAEF0}.Release|TwinCAT CE7 (ARMV7).ActiveCfg = Release|TwinCAT CE7 (ARMV7)
		{4DE537F4-EC86-49D4-B457-69DAF56DAEF0}.Release|TwinCAT CE7 (ARMV7).Build.0 = Release|TwinCAT CE7 (ARMV7)
		{4DE537F4-EC86-49D4-B457-69DAF56DAEF0}.Release|TwinCAT RT (x64).ActiveCfg = Release|TwinCAT RT (x64)
		{4DE537F4-EC86-49D4-B457-69DAF56DAEF0}.Release|TwinCAT RT (x64).Build.0 = Release|TwinCAT RT (x64)
		{4DE537F4-EC86-49D4-B457-69DAF56DAEF0}.Release|TwinCAT RT (x86).ActiveCfg = Release|TwinCAT RT (x86)
		{4DE537F4-EC86-49D4-B457-69DAF56DAEF0}.Release|TwinCAT RT (x86).Build.0 = Release|TwinCAT RT (x86)
		{91CB77D5-F3FA-446B-82A5-281F01C703B1}.Debug|TwinCAT CE7 (ARMV7).ActiveCfg = Debug|TwinCAT CE7 (ARMV7)
		{91CB77D5-F3FA-446B-82A5-281F01C703B1}.Debug|TwinCAT CE7 (ARMV7).Build.0 = Debug|TwinCAT CE7 (ARMV7)
		{91CB77D5-F3FA-446B-82A5-281F01C703B1}.Debug|TwinCAT RT (x64).ActiveCfg = Debug|TwinCAT RT (x64)
		{91CB77D5-F3FA-446B-82A5-281F01C703B1}.Debug|TwinCAT RT (x64).Build.0 = Debug|TwinCAT RT (x64)
		{91CB77D5-F3FA-446B-82A5-281F01C703B1}.Debug|TwinCAT RT (x86).ActiveCfg = Debug|TwinCAT RT (x86)
		{91CB77D5-F3FA-446B-82A5-281F01C703B1}.Debug|TwinCAT RT (x86).Build.0 = Debug|TwinCAT RT (x86)
		{91CB77D5-F3FA-446B-82A5-281F01C703B1}.Release|TwinCAT CE7 (ARMV7).ActiveCfg = Release|TwinCAT CE7 (ARMV7)
		{91CB77D5-F3FA-446B-82A5-281F01C703B1}.Release|TwinCAT CE7 (ARMV7).Build.0 = Release|TwinCAT CE7 (ARMV7)
		{91CB77D5-F3FA-446B-82A5-281F01C703B1}.Release|TwinCAT RT (x64).ActiveCfg = Release|TwinCAT RT (x64)
		{91CB77D5-F3FA-446B-82A5-281F01C703B1}.Release|TwinCAT RT (x64).Build.0 = Release|TwinCAT RT (x64)
		{91CB77D5-F3FA-446B-82A5-281F01C703B1}.Release|TwinCAT RT (x86).ActiveCfg = Release|TwinCAT RT (x86)
		{91CB77D5-F3FA-446B-82A5-281F01C703B1}.Release|TwinCAT RT (x86).Build.0 = Release|TwinCAT RT (x86)
	EndGlobalSection
	GlobalSection(SolutionProperties) = preSolution
		HideSolutionNode = FALSE
	EndGlobalSection
EndGlobal
